
Microsoft Visual Studio Solution File, Format Version 12.00
# Visual Studio Version 16
VisualStudioVersion = 16.0.31205.134
MinimumVisualStudioVersion = 10.0.40219.1
Project("{9A19103F-16F7-4668-BE54-9A1E7A4F7556}") = "BuraksRecordShopHRM.App", "BuraksRecordShopHRM.App\BuraksRecordShopHRM.App.csproj", "{E75D6D5E-E3EB-416E-8364-A0091C9B4F43}"
EndProject
Project("{9A19103F-16F7-4668-BE54-9A1E7A4F7556}") = "BuraksRecordShopHRM.Shared", "BuraksRecordShopHRM.Shared\BuraksRecordShopHRM.Shared.csproj", "{DF406614-5C3D-4993-84E4-DED5318844BF}"
EndProject
Project("{9A19103F-16F7-4668-BE54-9A1E7A4F7556}") = "BuraksRecordShopHRM.Api", "BuraksRecordShopHRM.Api\BuraksRecordShopHRM.Api.csproj", "{EB18483A-EB37-424D-8698-79BDC24CD85C}"
EndProject
Project("{FAE04EC0-301F-11D3-BF4B-00C04F79EFBC}") = "BuraksRecordShopHRM.Components", "BuraksRecordShopHRM.Components\BuraksRecordShopHRM.Components.csproj", "{AB2AD624-627D-4B85-AFBF-3CCB81AC461C}"
EndProject
Global
	GlobalSection(SolutionConfigurationPlatforms) = preSolution
		Debug|Any CPU = Debug|Any CPU
		Release|Any CPU = Release|Any CPU
	EndGlobalSection
	GlobalSection(ProjectConfigurationPlatforms) = postSolution
		{E75D6D5E-E3EB-416E-8364-A0091C9B4F43}.Debug|Any CPU.ActiveCfg = Debug|Any CPU
		{E75D6D5E-E3EB-416E-8364-A0091C9B4F43}.Debug|Any CPU.Build.0 = Debug|Any CPU
		{E75D6D5E-E3EB-416E-8364-A0091C9B4F43}.Release|Any CPU.ActiveCfg = Release|Any CPU
		{E75D6D5E-E3EB-416E-8364-A0091C9B4F43}.Release|Any CPU.Build.0 = Release|Any CPU
		{DF406614-5C3D-4993-84E4-DED5318844BF}.Debug|Any CPU.ActiveCfg = Debug|Any CPU
		{DF406614-5C3D-4993-84E4-DED5318844BF}.Debug|Any CPU.Build.0 = Debug|Any CPU
		{DF406614-5C3D-4993-84E4-DED5318844BF}.Release|Any CPU.ActiveCfg = Release|Any CPU
		{DF406614-5C3D-4993-84E4-DED5318844BF}.Release|Any CPU.Build.0 = Release|Any CPU
		{EB18483A-EB37-424D-8698-79BDC24CD85C}.Debug|Any CPU.ActiveCfg = Debug|Any CPU
		{EB18483A-EB37-424D-8698-79BDC24CD85C}.Debug|Any CPU.Build.0 = Debug|Any CPU
		{EB18483A-EB37-424D-8698-79BDC24CD85C}.Release|Any CPU.ActiveCfg = Release|Any CPU
		{EB18483A-EB37-424D-8698-79BDC24CD85C}.Release|Any CPU.Build.0 = Release|Any CPU
		{AB2AD624-627D-4B85-AFBF-3CCB81AC461C}.Debug|Any CPU.ActiveCfg = Debug|Any CPU
		{AB2AD624-627D-4B85-AFBF-3CCB81AC461C}.Debug|Any CPU.Build.0 = Debug|Any CPU
		{AB2AD624-627D-4B85-AFBF-3CCB81AC461C}.Release|Any CPU.ActiveCfg = Release|Any CPU
		{AB2AD624-627D-4B85-AFBF-3CCB81AC461C}.Release|Any CPU.Build.0 = Release|Any CPU
	EndGlobalSection
	GlobalSection(SolutionProperties) = preSolution
		HideSolutionNode = FALSE
	EndGlobalSection
	GlobalSection(ExtensibilityGlobals) = postSolution
		SolutionGuid = {9CC744EE-4FE5-4AA6-AF78-7B6D71017030}
	EndGlobalSection
EndGlobal
